
Microsoft Visual Studio Solution File, Format Version 12.00
# Visual Studio Version 17
VisualStudioVersion = 17.7.34221.43
MinimumVisualStudioVersion = 10.0.40219.1
Project("{9A19103F-16F7-4668-BE54-9A1E7A4F7556}") = "Ray and Lee algorithms", "Ray and Lie's algorithm\Ray and Lee algorithms.csproj", "{81A6EA62-5476-40E3-9489-0952DAD1EAED}"
EndProject
Global
	GlobalSection(SolutionConfigurationPlatforms) = preSolution
		Debug|Any CPU = Debug|Any CPU
		Release|Any CPU = Release|Any CPU
	EndGlobalSection
	GlobalSection(ProjectConfigurationPlatforms) = postSolution
		{81A6EA62-5476-40E3-9489-0952DAD1EAED}.Debug|Any CPU.ActiveCfg = Debug|Any CPU
		{81A6EA62-5476-40E3-9489-0952DAD1EAED}.Debug|Any CPU.Build.0 = Debug|Any CPU
		{81A6EA62-5476-40E3-9489-0952DAD1EAED}.Release|Any CPU.ActiveCfg = Release|Any CPU
		{81A6EA62-5476-40E3-9489-0952DAD1EAED}.Release|Any CPU.Build.0 = Release|Any CPU
	EndGlobalSection
	GlobalSection(SolutionProperties) = preSolution
		HideSolutionNode = FALSE
	EndGlobalSection
	GlobalSection(ExtensibilityGlobals) = postSolution
		SolutionGuid = {C2E5309A-9B28-4EBA-AA69-1DC2F6E7E62B}
	EndGlobalSection
EndGlobal
