
Microsoft Visual Studio Solution File, Format Version 12.00
# Visual Studio Version 17
VisualStudioVersion = 17.8.34511.84
MinimumVisualStudioVersion = 10.0.40219.1
Project("{FAE04EC0-301F-11D3-BF4B-00C04F79EFBC}") = "ByteFrequencyAnalyzer", "ByteFrequencyAnalyzer\ByteFrequencyAnalyzer.csproj", "{62575FF0-10B3-428F-A478-D3A6EB85AF54}"
EndProject
Global
	GlobalSection(SolutionConfigurationPlatforms) = preSolution
		Debug|Any CPU = Debug|Any CPU
		Release|Any CPU = Release|Any CPU
	EndGlobalSection
	GlobalSection(ProjectConfigurationPlatforms) = postSolution
		{62575FF0-10B3-428F-A478-D3A6EB85AF54}.Debug|Any CPU.ActiveCfg = Debug|Any CPU
		{62575FF0-10B3-428F-A478-D3A6EB85AF54}.Debug|Any CPU.Build.0 = Debug|Any CPU
		{62575FF0-10B3-428F-A478-D3A6EB85AF54}.Release|Any CPU.ActiveCfg = Release|Any CPU
		{62575FF0-10B3-428F-A478-D3A6EB85AF54}.Release|Any CPU.Build.0 = Release|Any CPU
	EndGlobalSection
	GlobalSection(SolutionProperties) = preSolution
		HideSolutionNode = FALSE
	EndGlobalSection
	GlobalSection(ExtensibilityGlobals) = postSolution
		SolutionGuid = {027FE055-FB14-457D-AF3A-23F474B974B6}
	EndGlobalSection
EndGlobal
